
Microsoft Visual Studio Solution File, Format Version 12.00
# Visual Studio Version 17
VisualStudioVersion = 17.4.33205.214
MinimumVisualStudioVersion = 10.0.40219.1
Project("{FAE04EC0-301F-11D3-BF4B-00C04F79EFBC}") = "API2", "API2\API2.csproj", "{A303FD2C-D5D1-43C6-A89D-D397A3770486}"
EndProject
Global
	GlobalSection(SolutionConfigurationPlatforms) = preSolution
		Debug|Any CPU = Debug|Any CPU
		Release|Any CPU = Release|Any CPU
	EndGlobalSection
	GlobalSection(ProjectConfigurationPlatforms) = postSolution
		{A303FD2C-D5D1-43C6-A89D-D397A3770486}.Debug|Any CPU.ActiveCfg = Debug|Any CPU
		{A303FD2C-D5D1-43C6-A89D-D397A3770486}.Debug|Any CPU.Build.0 = Debug|Any CPU
		{A303FD2C-D5D1-43C6-A89D-D397A3770486}.Release|Any CPU.ActiveCfg = Release|Any CPU
		{A303FD2C-D5D1-43C6-A89D-D397A3770486}.Release|Any CPU.Build.0 = Release|Any CPU
	EndGlobalSection
	GlobalSection(SolutionProperties) = preSolution
		HideSolutionNode = FALSE
	EndGlobalSection
	GlobalSection(ExtensibilityGlobals) = postSolution
		SolutionGuid = {D691CD3C-B753-43B6-84B4-5340852B139E}
	EndGlobalSection
EndGlobal
